
Microsoft Visual Studio Solution File, Format Version 12.00
# Visual Studio Version 17
VisualStudioVersion = 17.4.33122.133
MinimumVisualStudioVersion = 10.0.40219.1
Project("{FAE04EC0-301F-11D3-BF4B-00C04F79EFBC}") = "LifebloodHealing", "LifebloodHealing\LifebloodHealing.csproj", "{96F8C64C-AAF2-473B-9B71-10CA8B666972}"
EndProject
Project("{2150E333-8FDC-42A3-9474-1A3956D46DE8}") = "Solution Files", "Solution Files", "{7B96A8C5-432F-44C9-9009-00EAF2B706E6}"
	ProjectSection(SolutionItems) = preProject
		.github\workflows\build.yml = .github\workflows\build.yml
		.github\dependabot.yml = .github\dependabot.yml
		README.md = README.md
	EndProjectSection
EndProject
Global
	GlobalSection(SolutionConfigurationPlatforms) = preSolution
		Debug|Any CPU = Debug|Any CPU
		Release|Any CPU = Release|Any CPU
	EndGlobalSection
	GlobalSection(ProjectConfigurationPlatforms) = postSolution
		{96F8C64C-AAF2-473B-9B71-10CA8B666972}.Debug|Any CPU.ActiveCfg = Debug|Any CPU
		{96F8C64C-AAF2-473B-9B71-10CA8B666972}.Debug|Any CPU.Build.0 = Debug|Any CPU
		{96F8C64C-AAF2-473B-9B71-10CA8B666972}.Release|Any CPU.ActiveCfg = Release|Any CPU
		{96F8C64C-AAF2-473B-9B71-10CA8B666972}.Release|Any CPU.Build.0 = Release|Any CPU
	EndGlobalSection
	GlobalSection(SolutionProperties) = preSolution
		HideSolutionNode = FALSE
	EndGlobalSection
	GlobalSection(ExtensibilityGlobals) = postSolution
		SolutionGuid = {9657B933-A144-4559-957D-AEA904E4285E}
	EndGlobalSection
EndGlobal
